schema: '2.0'
stages:
  transformation_pipeline:
    cmd: python3 main.py --pipeline transformation
    deps:
    - path: EDA_train_phase/data/rawdata/user_behavior_dataset.csv
      hash: md5
      md5: 6c4a34dc6d5dfa3846d7c19be4913fb0
      size: 38856
    - path: main.py
      hash: md5
      md5: 596644390e1457294e3054c80d42faff
      size: 3884
    outs:
    - path: EDA_train_phase/data/processed_data/intermediate_data/transformed_df.csv
      hash: md5
      md5: 1b730f00209a774debc2e3d4982a9f47
      size: 21848
    - path: EDA_train_phase/data/processed_data/test_data/X_test.csv
      hash: md5
      md5: 22092e0a79f30e6ff1f52d620e5c0786
      size: 3599
    - path: EDA_train_phase/data/processed_data/test_data/y_test.csv
      hash: md5
      md5: 5dd734aba9d1294fe0f49d5e5b3debf5
      size: 368
    - path: EDA_train_phase/data/processed_data/train_data/X_train.csv
      hash: md5
      md5: ece8a0d944859859b960dd04822c7f0f
      size: 10572
    - path: EDA_train_phase/data/processed_data/train_data/y_train.csv
      hash: md5
      md5: 39c391b61b5323152bb1be0ea8c1b311
      size: 1068
    - path: EDA_train_phase/metrics/Best_parameters_model__GridSearch_Tree-Based.json
      hash: md5
      md5: 6ebf3bc8520bee0ede09d41721c342fd
      size: 156
    - path: EDA_train_phase/metrics/categorical_mapping.json
      hash: md5
      md5: f6b4eba3cd1db1b9703137be49783786
      size: 195
  training_pipeline:
    cmd: python3 main.py --pipeline training
    deps:
    - path: EDA_train_phase/data/processed_data/test_data/X_test.csv
      hash: md5
      md5: 22092e0a79f30e6ff1f52d620e5c0786
      size: 3599
    - path: EDA_train_phase/data/processed_data/test_data/y_test.csv
      hash: md5
      md5: 5dd734aba9d1294fe0f49d5e5b3debf5
      size: 368
    - path: EDA_train_phase/data/processed_data/train_data/X_train.csv
      hash: md5
      md5: ece8a0d944859859b960dd04822c7f0f
      size: 10572
    - path: EDA_train_phase/data/processed_data/train_data/y_train.csv
      hash: md5
      md5: 39c391b61b5323152bb1be0ea8c1b311
      size: 1068
    - path: main.py
      hash: md5
      md5: 596644390e1457294e3054c80d42faff
      size: 3884
    outs:
    - path: EDA_train_phase/metrics/Tree_Classifier_GridSearchCV_Test_metrics.json
      hash: md5
      md5: 9ed7b5d21f3b17bd6a20d10cdc36ef7e
      size: 229
    - path: EDA_train_phase/metrics/Tree_Classifier_GridSearchCV_Train_metrics.json
      hash: md5
      md5: 5e22b9a66b0be69fffbd2db515626065
      size: 235
    - path: EDA_train_phase/metrics/Tree_Classifier_GridSearchCV_parameters.json
      hash: md5
      md5: a6ae133a69ed8a3a02ff855650f1bd2a
      size: 740
    - path: EDA_train_phase/models/Tree_Classifier_GridSearchCV.pkl
      hash: md5
      md5: e4e3d87726f870454c08b016aa31d22e
      size: 3553
