schema: '2.0'
stages:
  transformation_pipeline:
    cmd: python3 main.py --pipeline transformation
    deps:
    - path: EDA_train_phase/data/rawdata/user_behavior_dataset.csv
      hash: md5
      md5: 6c4a34dc6d5dfa3846d7c19be4913fb0
      size: 38856
    - path: main.py
      hash: md5
      md5: 596644390e1457294e3054c80d42faff
      size: 3884
    outs:
    - path: EDA_train_phase/data/processed_data/intermediate_data/transformed_df.csv
      hash: md5
      md5: 9ad70f49352425cf90cf6de0d8cfe903
      size: 21848
    - path: EDA_train_phase/data/processed_data/test_data/X_test.csv
      hash: md5
      md5: 22092e0a79f30e6ff1f52d620e5c0786
      size: 3599
    - path: EDA_train_phase/data/processed_data/test_data/y_test.csv
      hash: md5
      md5: 5dd734aba9d1294fe0f49d5e5b3debf5
      size: 368
    - path: EDA_train_phase/data/processed_data/train_data/X_train.csv
      hash: md5
      md5: ece8a0d944859859b960dd04822c7f0f
      size: 10572
    - path: EDA_train_phase/data/processed_data/train_data/y_train.csv
      hash: md5
      md5: 39c391b61b5323152bb1be0ea8c1b311
      size: 1068
    - path: EDA_train_phase/metrics/Best_parameters_model__GridSearch_Tree-Based.json
      hash: md5
      md5: d08470fff32084fe4d1edbaee79cd8fb
      size: 156
    - path: EDA_train_phase/metrics/categorical_mapping.json
      hash: md5
      md5: eb1b5cf8e4f7b74f198ef0a2b1ac1afb
      size: 195
  training_pipeline:
    cmd: python3 main.py --pipeline training
    deps:
    - path: EDA_train_phase/data/processed_data/test_data/X_test.csv
      hash: md5
      md5: 22092e0a79f30e6ff1f52d620e5c0786
      size: 3599
    - path: EDA_train_phase/data/processed_data/test_data/y_test.csv
      hash: md5
      md5: 5dd734aba9d1294fe0f49d5e5b3debf5
      size: 368
    - path: EDA_train_phase/data/processed_data/train_data/X_train.csv
      hash: md5
      md5: ece8a0d944859859b960dd04822c7f0f
      size: 10572
    - path: EDA_train_phase/data/processed_data/train_data/y_train.csv
      hash: md5
      md5: 39c391b61b5323152bb1be0ea8c1b311
      size: 1068
    - path: main.py
      hash: md5
      md5: 596644390e1457294e3054c80d42faff
      size: 3884
    outs:
    - path: EDA_train_phase/metrics/Tree_Classifier_GridSearchCV_Test_metrics.json
      hash: md5
      md5: ae0e02a2174297d598a456a034a7242e
      size: 227
    - path: EDA_train_phase/metrics/Tree_Classifier_GridSearchCV_Train_metrics.json
      hash: md5
      md5: 0ff8932883d2f71f27ce61e7426b1260
      size: 235
    - path: EDA_train_phase/metrics/Tree_Classifier_GridSearchCV_parameters.json
      hash: md5
      md5: a6ae133a69ed8a3a02ff855650f1bd2a
      size: 740
    - path: EDA_train_phase/models/Tree_Classifier_GridSearchCV.pkl
      hash: md5
      md5: 4ed9326e57f6777880bc1400737b808b
      size: 3761
